// !$*UTF8*$!
{
	archiveVersion = 1;
	classes = {
	};
	objectVersion = 56;
	objects = {

/* Begin PBXBuildFile section */
		B9F6E84D29D2A5BE00A82665 /* Dogs_FactsApp.swift in Sources */ = {isa = PBXBuildFile; fileRef = B9F6E84C29D2A5BE00A82665 /* Dogs_FactsApp.swift */; };
		B9F6E84F29D2A5BE00A82665 /* ContentView.swift in Sources */ = {isa = PBXBuildFile; fileRef = B9F6E84E29D2A5BE00A82665 /* ContentView.swift */; };
		B9F6E85129D2A5BF00A82665 /* Assets.xcassets in Resources */ = {isa = PBXBuildFile; fileRef = B9F6E85029D2A5BF00A82665 /* Assets.xcassets */; };
		B9F6E85429D2A5BF00A82665 /* Preview Assets.xcassets in Resources */ = {isa = PBXBuildFile; fileRef = B9F6E85329D2A5BF00A82665 /* Preview Assets.xcassets */; };
		B9F6E85E29D2A5BF00A82665 /* Dogs_FactsTests.swift in Sources */ = {isa = PBXBuildFile; fileRef = B9F6E85D29D2A5BF00A82665 /* Dogs_FactsTests.swift */; };
		B9F6E86829D2A5BF00A82665 /* Dogs_FactsUITests.swift in Sources */ = {isa = PBXBuildFile; fileRef = B9F6E86729D2A5BF00A82665 /* Dogs_FactsUITests.swift */; };
		B9F6E86A29D2A5BF00A82665 /* Dogs_FactsUITestsLaunchTests.swift in Sources */ = {isa = PBXBuildFile; fileRef = B9F6E86929D2A5BF00A82665 /* Dogs_FactsUITestsLaunchTests.swift */; };
		B9F6E87B29D2A77200A82665 /* DogFactData.swift in Sources */ = {isa = PBXBuildFile; fileRef = B9F6E87A29D2A77200A82665 /* DogFactData.swift */; };
		B9F6E87D29D2A79400A82665 /* DogFactDTO.swift in Sources */ = {isa = PBXBuildFile; fileRef = B9F6E87C29D2A79400A82665 /* DogFactDTO.swift */; };
		B9F6E88129D2AA8A00A82665 /* Environment.swift in Sources */ = {isa = PBXBuildFile; fileRef = B9F6E88029D2AA8A00A82665 /* Environment.swift */; };
		B9F6E88329D2AAA300A82665 /* DogFactsEnvironment.swift in Sources */ = {isa = PBXBuildFile; fileRef = B9F6E88229D2AAA300A82665 /* DogFactsEnvironment.swift */; };
		B9F6E88529D2AAC000A82665 /* DogFactsAPI.swift in Sources */ = {isa = PBXBuildFile; fileRef = B9F6E88429D2AAC000A82665 /* DogFactsAPI.swift */; };
		B9F6E88729D2AB5C00A82665 /* MappingExtension.swift in Sources */ = {isa = PBXBuildFile; fileRef = B9F6E88629D2AB5C00A82665 /* MappingExtension.swift */; };
		B9F6E88929D2ABAA00A82665 /* EnvironmentInstancesExtension.swift in Sources */ = {isa = PBXBuildFile; fileRef = B9F6E88829D2ABAA00A82665 /* EnvironmentInstancesExtension.swift */; };
		B9F6E88C29D2AFF500A82665 /* DogFactError.swift in Sources */ = {isa = PBXBuildFile; fileRef = B9F6E88B29D2AFF500A82665 /* DogFactError.swift */; };
		B9F6E88E29D2B02B00A82665 /* DogFactsRepository.swift in Sources */ = {isa = PBXBuildFile; fileRef = B9F6E88D29D2B02B00A82665 /* DogFactsRepository.swift */; };
		B9F6E89029D2B04A00A82665 /* DogFactsRemoteRepository.swift in Sources */ = {isa = PBXBuildFile; fileRef = B9F6E88F29D2B04A00A82665 /* DogFactsRemoteRepository.swift */; };
/* End PBXBuildFile section */

/* Begin PBXContainerItemProxy section */
		B9F6E85A29D2A5BF00A82665 /* PBXContainerItemProxy */ = {
			isa = PBXContainerItemProxy;
			containerPortal = B9F6E84129D2A5BE00A82665 /* Project object */;
			proxyType = 1;
			remoteGlobalIDString = B9F6E84829D2A5BE00A82665;
			remoteInfo = "Dogs Facts";
		};
		B9F6E86429D2A5BF00A82665 /* PBXContainerItemProxy */ = {
			isa = PBXContainerItemProxy;
			containerPortal = B9F6E84129D2A5BE00A82665 /* Project object */;
			proxyType = 1;
			remoteGlobalIDString = B9F6E84829D2A5BE00A82665;
			remoteInfo = "Dogs Facts";
		};
/* End PBXContainerItemProxy section */

/* Begin PBXFileReference section */
		B9F6E84929D2A5BE00A82665 /* Dogs Facts.app */ = {isa = PBXFileReference; explicitFileType = wrapper.application; includeInIndex = 0; path = "Dogs Facts.app"; sourceTree = BUILT_PRODUCTS_DIR; };
		B9F6E84C29D2A5BE00A82665 /* Dogs_FactsApp.swift */ = {isa = PBXFileReference; lastKnownFileType = sourcecode.swift; path = Dogs_FactsApp.swift; sourceTree = "<group>"; };
		B9F6E84E29D2A5BE00A82665 /* ContentView.swift */ = {isa = PBXFileReference; lastKnownFileType = sourcecode.swift; path = ContentView.swift; sourceTree = "<group>"; };
		B9F6E85029D2A5BF00A82665 /* Assets.xcassets */ = {isa = PBXFileReference; lastKnownFileType = folder.assetcatalog; path = Assets.xcassets; sourceTree = "<group>"; };
		B9F6E85329D2A5BF00A82665 /* Preview Assets.xcassets */ = {isa = PBXFileReference; lastKnownFileType = folder.assetcatalog; path = "Preview Assets.xcassets"; sourceTree = "<group>"; };
		B9F6E85929D2A5BF00A82665 /* Dogs FactsTests.xctest */ = {isa = PBXFileReference; explicitFileType = wrapper.cfbundle; includeInIndex = 0; path = "Dogs FactsTests.xctest"; sourceTree = BUILT_PRODUCTS_DIR; };
		B9F6E85D29D2A5BF00A82665 /* Dogs_FactsTests.swift */ = {isa = PBXFileReference; lastKnownFileType = sourcecode.swift; path = Dogs_FactsTests.swift; sourceTree = "<group>"; };
		B9F6E86329D2A5BF00A82665 /* Dogs FactsUITests.xctest */ = {isa = PBXFileReference; explicitFileType = wrapper.cfbundle; includeInIndex = 0; path = "Dogs FactsUITests.xctest"; sourceTree = BUILT_PRODUCTS_DIR; };
		B9F6E86729D2A5BF00A82665 /* Dogs_FactsUITests.swift */ = {isa = PBXFileReference; lastKnownFileType = sourcecode.swift; path = Dogs_FactsUITests.swift; sourceTree = "<group>"; };
		B9F6E86929D2A5BF00A82665 /* Dogs_FactsUITestsLaunchTests.swift */ = {isa = PBXFileReference; lastKnownFileType = sourcecode.swift; path = Dogs_FactsUITestsLaunchTests.swift; sourceTree = "<group>"; };
		B9F6E87A29D2A77200A82665 /* DogFactData.swift */ = {isa = PBXFileReference; lastKnownFileType = sourcecode.swift; path = DogFactData.swift; sourceTree = "<group>"; };
		B9F6E87C29D2A79400A82665 /* DogFactDTO.swift */ = {isa = PBXFileReference; lastKnownFileType = sourcecode.swift; path = DogFactDTO.swift; sourceTree = "<group>"; };
		B9F6E88029D2AA8A00A82665 /* Environment.swift */ = {isa = PBXFileReference; lastKnownFileType = sourcecode.swift; path = Environment.swift; sourceTree = "<group>"; };
		B9F6E88229D2AAA300A82665 /* DogFactsEnvironment.swift */ = {isa = PBXFileReference; lastKnownFileType = sourcecode.swift; path = DogFactsEnvironment.swift; sourceTree = "<group>"; };
		B9F6E88429D2AAC000A82665 /* DogFactsAPI.swift */ = {isa = PBXFileReference; lastKnownFileType = sourcecode.swift; path = DogFactsAPI.swift; sourceTree = "<group>"; };
		B9F6E88629D2AB5C00A82665 /* MappingExtension.swift */ = {isa = PBXFileReference; lastKnownFileType = sourcecode.swift; path = MappingExtension.swift; sourceTree = "<group>"; };
		B9F6E88829D2ABAA00A82665 /* EnvironmentInstancesExtension.swift */ = {isa = PBXFileReference; lastKnownFileType = sourcecode.swift; path = EnvironmentInstancesExtension.swift; sourceTree = "<group>"; };
		B9F6E88B29D2AFF500A82665 /* DogFactError.swift */ = {isa = PBXFileReference; lastKnownFileType = sourcecode.swift; path = DogFactError.swift; sourceTree = "<group>"; };
		B9F6E88D29D2B02B00A82665 /* DogFactsRepository.swift */ = {isa = PBXFileReference; lastKnownFileType = sourcecode.swift; path = DogFactsRepository.swift; sourceTree = "<group>"; };
		B9F6E88F29D2B04A00A82665 /* DogFactsRemoteRepository.swift */ = {isa = PBXFileReference; lastKnownFileType = sourcecode.swift; path = DogFactsRemoteRepository.swift; sourceTree = "<group>"; };
/* End PBXFileReference section */

/* Begin PBXFrameworksBuildPhase section */
		B9F6E84629D2A5BE00A82665 /* Frameworks */ = {
			isa = PBXFrameworksBuildPhase;
			buildActionMask = 2147483647;
			files = (
			);
			runOnlyForDeploymentPostprocessing = 0;
		};
		B9F6E85629D2A5BF00A82665 /* Frameworks */ = {
			isa = PBXFrameworksBuildPhase;
			buildActionMask = 2147483647;
			files = (
			);
			runOnlyForDeploymentPostprocessing = 0;
		};
		B9F6E86029D2A5BF00A82665 /* Frameworks */ = {
			isa = PBXFrameworksBuildPhase;
			buildActionMask = 2147483647;
			files = (
			);
			runOnlyForDeploymentPostprocessing = 0;
		};
/* End PBXFrameworksBuildPhase section */

/* Begin PBXGroup section */
		B9F6E84029D2A5BE00A82665 = {
			isa = PBXGroup;
			children = (
				B9F6E84B29D2A5BE00A82665 /* Dogs Facts */,
				B9F6E85C29D2A5BF00A82665 /* Dogs FactsTests */,
				B9F6E86629D2A5BF00A82665 /* Dogs FactsUITests */,
				B9F6E84A29D2A5BE00A82665 /* Products */,
			);
			sourceTree = "<group>";
		};
		B9F6E84A29D2A5BE00A82665 /* Products */ = {
			isa = PBXGroup;
			children = (
				B9F6E84929D2A5BE00A82665 /* Dogs Facts.app */,
				B9F6E85929D2A5BF00A82665 /* Dogs FactsTests.xctest */,
				B9F6E86329D2A5BF00A82665 /* Dogs FactsUITests.xctest */,
			);
			name = Products;
			sourceTree = "<group>";
		};
		B9F6E84B29D2A5BE00A82665 /* Dogs Facts */ = {
			isa = PBXGroup;
			children = (
				B9F6E87829D2A6E600A82665 /* entities */,
				B9F6E87729D2A65900A82665 /* domain */,
				B9F6E87629D2A63D00A82665 /* presentation */,
				B9F6E85029D2A5BF00A82665 /* Assets.xcassets */,
				B9F6E85229D2A5BF00A82665 /* Preview Content */,
			);
			path = "Dogs Facts";
			sourceTree = "<group>";
		};
		B9F6E85229D2A5BF00A82665 /* Preview Content */ = {
			isa = PBXGroup;
			children = (
				B9F6E85329D2A5BF00A82665 /* Preview Assets.xcassets */,
			);
			path = "Preview Content";
			sourceTree = "<group>";
		};
		B9F6E85C29D2A5BF00A82665 /* Dogs FactsTests */ = {
			isa = PBXGroup;
			children = (
				B9F6E85D29D2A5BF00A82665 /* Dogs_FactsTests.swift */,
			);
			path = "Dogs FactsTests";
			sourceTree = "<group>";
		};
		B9F6E86629D2A5BF00A82665 /* Dogs FactsUITests */ = {
			isa = PBXGroup;
			children = (
				B9F6E86729D2A5BF00A82665 /* Dogs_FactsUITests.swift */,
				B9F6E86929D2A5BF00A82665 /* Dogs_FactsUITestsLaunchTests.swift */,
			);
			path = "Dogs FactsUITests";
			sourceTree = "<group>";
		};
		B9F6E87629D2A63D00A82665 /* presentation */ = {
			isa = PBXGroup;
			children = (
				B9F6E84E29D2A5BE00A82665 /* ContentView.swift */,
				B9F6E84C29D2A5BE00A82665 /* Dogs_FactsApp.swift */,
			);
			path = presentation;
			sourceTree = "<group>";
		};
		B9F6E87729D2A65900A82665 /* domain */ = {
			isa = PBXGroup;
			children = (
				B9F6E88A29D2AFDF00A82665 /* model */,
				B9F6E87F29D2AA7B00A82665 /* api */,
				B9F6E87E29D2A7BF00A82665 /* repositories */,
			);
			path = domain;
			sourceTree = "<group>";
		};
		B9F6E87829D2A6E600A82665 /* entities */ = {
			isa = PBXGroup;
			children = (
				B9F6E87929D2A75B00A82665 /* model */,
			);
			name = entities;
			sourceTree = "<group>";
		};
		B9F6E87929D2A75B00A82665 /* model */ = {
			isa = PBXGroup;
			children = (
				B9F6E87A29D2A77200A82665 /* DogFactData.swift */,
			);
			name = model;
			sourceTree = "<group>";
		};
		B9F6E87E29D2A7BF00A82665 /* repositories */ = {
			isa = PBXGroup;
			children = (
				B9F6E88D29D2B02B00A82665 /* DogFactsRepository.swift */,
				B9F6E88F29D2B04A00A82665 /* DogFactsRemoteRepository.swift */,
			);
			path = repositories;
			sourceTree = "<group>";
		};
		B9F6E87F29D2AA7B00A82665 /* api */ = {
			isa = PBXGroup;
			children = (
				B9F6E88029D2AA8A00A82665 /* Environment.swift */,
				B9F6E88229D2AAA300A82665 /* DogFactsEnvironment.swift */,
				B9F6E88429D2AAC000A82665 /* DogFactsAPI.swift */,
				B9F6E88629D2AB5C00A82665 /* MappingExtension.swift */,
				B9F6E88829D2ABAA00A82665 /* EnvironmentInstancesExtension.swift */,
			);
			path = api;
			sourceTree = "<group>";
		};
		B9F6E88A29D2AFDF00A82665 /* model */ = {
			isa = PBXGroup;
			children = (
				B9F6E87C29D2A79400A82665 /* DogFactDTO.swift */,
				B9F6E88B29D2AFF500A82665 /* DogFactError.swift */,
			);
			path = model;
			sourceTree = "<group>";
		};
/* End PBXGroup section */

/* Begin PBXNativeTarget section */
		B9F6E84829D2A5BE00A82665 /* Dogs Facts */ = {
			isa = PBXNativeTarget;
			buildConfigurationList = B9F6E86D29D2A5BF00A82665 /* Build configuration list for PBXNativeTarget "Dogs Facts" */;
			buildPhases = (
				B9F6E84529D2A5BE00A82665 /* Sources */,
				B9F6E84629D2A5BE00A82665 /* Frameworks */,
				B9F6E84729D2A5BE00A82665 /* Resources */,
			);
			buildRules = (
			);
			dependencies = (
			);
			name = "Dogs Facts";
			productName = "Dogs Facts";
			productReference = B9F6E84929D2A5BE00A82665 /* Dogs Facts.app */;
			productType = "com.apple.product-type.application";
		};
		B9F6E85829D2A5BF00A82665 /* Dogs FactsTests */ = {
			isa = PBXNativeTarget;
			buildConfigurationList = B9F6E87029D2A5BF00A82665 /* Build configuration list for PBXNativeTarget "Dogs FactsTests" */;
			buildPhases = (
				B9F6E85529D2A5BF00A82665 /* Sources */,
				B9F6E85629D2A5BF00A82665 /* Frameworks */,
				B9F6E85729D2A5BF00A82665 /* Resources */,
			);
			buildRules = (
			);
			dependencies = (
				B9F6E85B29D2A5BF00A82665 /* PBXTargetDependency */,
			);
			name = "Dogs FactsTests";
			productName = "Dogs FactsTests";
			productReference = B9F6E85929D2A5BF00A82665 /* Dogs FactsTests.xctest */;
			productType = "com.apple.product-type.bundle.unit-test";
		};
		B9F6E86229D2A5BF00A82665 /* Dogs FactsUITests */ = {
			isa = PBXNativeTarget;
			buildConfigurationList = B9F6E87329D2A5BF00A82665 /* Build configuration list for PBXNativeTarget "Dogs FactsUITests" */;
			buildPhases = (
				B9F6E85F29D2A5BF00A82665 /* Sources */,
				B9F6E86029D2A5BF00A82665 /* Frameworks */,
				B9F6E86129D2A5BF00A82665 /* Resources */,
			);
			buildRules = (
			);
			dependencies = (
				B9F6E86529D2A5BF00A82665 /* PBXTargetDependency */,
			);
			name = "Dogs FactsUITests";
			productName = "Dogs FactsUITests";
			productReference = B9F6E86329D2A5BF00A82665 /* Dogs FactsUITests.xctest */;
			productType = "com.apple.product-type.bundle.ui-testing";
		};
/* End PBXNativeTarget section */

/* Begin PBXProject section */
		B9F6E84129D2A5BE00A82665 /* Project object */ = {
			isa = PBXProject;
			attributes = {
				BuildIndependentTargetsInParallel = 1;
				LastSwiftUpdateCheck = 1420;
				LastUpgradeCheck = 1420;
				TargetAttributes = {
					B9F6E84829D2A5BE00A82665 = {
						CreatedOnToolsVersion = 14.2;
					};
					B9F6E85829D2A5BF00A82665 = {
						CreatedOnToolsVersion = 14.2;
						TestTargetID = B9F6E84829D2A5BE00A82665;
					};
					B9F6E86229D2A5BF00A82665 = {
						CreatedOnToolsVersion = 14.2;
						TestTargetID = B9F6E84829D2A5BE00A82665;
					};
				};
			};
			buildConfigurationList = B9F6E84429D2A5BE00A82665 /* Build configuration list for PBXProject "Dogs Facts" */;
			compatibilityVersion = "Xcode 14.0";
			developmentRegion = en;
			hasScannedForEncodings = 0;
			knownRegions = (
				en,
				Base,
			);
			mainGroup = B9F6E84029D2A5BE00A82665;
			productRefGroup = B9F6E84A29D2A5BE00A82665 /* Products */;
			projectDirPath = "";
			projectRoot = "";
			targets = (
				B9F6E84829D2A5BE00A82665 /* Dogs Facts */,
				B9F6E85829D2A5BF00A82665 /* Dogs FactsTests */,
				B9F6E86229D2A5BF00A82665 /* Dogs FactsUITests */,
			);
		};
/* End PBXProject section */

/* Begin PBXResourcesBuildPhase section */
		B9F6E84729D2A5BE00A82665 /* Resources */ = {
			isa = PBXResourcesBuildPhase;
			buildActionMask = 2147483647;
			files = (
				B9F6E85429D2A5BF00A82665 /* Preview Assets.xcassets in Resources */,
				B9F6E85129D2A5BF00A82665 /* Assets.xcassets in Resources */,
			);
			runOnlyForDeploymentPostprocessing = 0;
		};
		B9F6E85729D2A5BF00A82665 /* Resources */ = {
			isa = PBXResourcesBuildPhase;
			buildActionMask = 2147483647;
			files = (
			);
			runOnlyForDeploymentPostprocessing = 0;
		};
		B9F6E86129D2A5BF00A82665 /* Resources */ = {
			isa = PBXResourcesBuildPhase;
			buildActionMask = 2147483647;
			files = (
			);
			runOnlyForDeploymentPostprocessing = 0;
		};
/* End PBXResourcesBuildPhase section */

/* Begin PBXSourcesBuildPhase section */
		B9F6E84529D2A5BE00A82665 /* Sources */ = {
			isa = PBXSourcesBuildPhase;
			buildActionMask = 2147483647;
			files = (
				B9F6E89029D2B04A00A82665 /* DogFactsRemoteRepository.swift in Sources */,
				B9F6E88529D2AAC000A82665 /* DogFactsAPI.swift in Sources */,
				B9F6E88929D2ABAA00A82665 /* EnvironmentInstancesExtension.swift in Sources */,
				B9F6E84F29D2A5BE00A82665 /* ContentView.swift in Sources */,
				B9F6E88E29D2B02B00A82665 /* DogFactsRepository.swift in Sources */,
				B9F6E88729D2AB5C00A82665 /* MappingExtension.swift in Sources */,
				B9F6E87B29D2A77200A82665 /* DogFactData.swift in Sources */,
				B9F6E88329D2AAA300A82665 /* DogFactsEnvironment.swift in Sources */,
				B9F6E87D29D2A79400A82665 /* DogFactDTO.swift in Sources */,
				B9F6E84D29D2A5BE00A82665 /* Dogs_FactsApp.swift in Sources */,
				B9F6E88129D2AA8A00A82665 /* Environment.swift in Sources */,
				B9F6E88C29D2AFF500A82665 /* DogFactError.swift in Sources */,
			);
			runOnlyForDeploymentPostprocessing = 0;
		};
		B9F6E85529D2A5BF00A82665 /* Sources */ = {
			isa = PBXSourcesBuildPhase;
			buildActionMask = 2147483647;
			files = (
				B9F6E85E29D2A5BF00A82665 /* Dogs_FactsTests.swift in Sources */,
			);
			runOnlyForDeploymentPostprocessing = 0;
		};
		B9F6E85F29D2A5BF00A82665 /* Sources */ = {
			isa = PBXSourcesBuildPhase;
			buildActionMask = 2147483647;
			files = (
				B9F6E86829D2A5BF00A82665 /* Dogs_FactsUITests.swift in Sources */,
				B9F6E86A29D2A5BF00A82665 /* Dogs_FactsUITestsLaunchTests.swift in Sources */,
			);
			runOnlyForDeploymentPostprocessing = 0;
		};
/* End PBXSourcesBuildPhase section */

/* Begin PBXTargetDependency section */
		B9F6E85B29D2A5BF00A82665 /* PBXTargetDependency */ = {
			isa = PBXTargetDependency;
			target = B9F6E84829D2A5BE00A82665 /* Dogs Facts */;
			targetProxy = B9F6E85A29D2A5BF00A82665 /* PBXContainerItemProxy */;
		};
		B9F6E86529D2A5BF00A82665 /* PBXTargetDependency */ = {
			isa = PBXTargetDependency;
			target = B9F6E84829D2A5BE00A82665 /* Dogs Facts */;
			targetProxy = B9F6E86429D2A5BF00A82665 /* PBXContainerItemProxy */;
		};
/* End PBXTargetDependency section */

/* Begin XCBuildConfiguration section */
		B9F6E86B29D2A5BF00A82665 /* Debug */ = {
			isa = XCBuildConfiguration;
			buildSettings = {
				ALWAYS_SEARCH_USER_PATHS = NO;
				CLANG_ANALYZER_NONNULL = YES;
				CLANG_ANALYZER_NUMBER_OBJECT_CONVERSION = YES_AGGRESSIVE;
				CLANG_CXX_LANGUAGE_STANDARD = "gnu++20";
				CLANG_ENABLE_MODULES = YES;
				CLANG_ENABLE_OBJC_ARC = YES;
				CLANG_ENABLE_OBJC_WEAK = YES;
				CLANG_WARN_BLOCK_CAPTURE_AUTORELEASING = YES;
				CLANG_WARN_BOOL_CONVERSION = YES;
				CLANG_WARN_COMMA = YES;
				CLANG_WARN_CONSTANT_CONVERSION = YES;
				CLANG_WARN_DEPRECATED_OBJC_IMPLEMENTATIONS = YES;
				CLANG_WARN_DIRECT_OBJC_ISA_USAGE = YES_ERROR;
				CLANG_WARN_DOCUMENTATION_COMMENTS = YES;
				CLANG_WARN_EMPTY_BODY = YES;
				CLANG_WARN_ENUM_CONVERSION = YES;
				CLANG_WARN_INFINITE_RECURSION = YES;
				CLANG_WARN_INT_CONVERSION = YES;
				CLANG_WARN_NON_LITERAL_NULL_CONVERSION = YES;
				CLANG_WARN_OBJC_IMPLICIT_RETAIN_SELF = YES;
				CLANG_WARN_OBJC_LITERAL_CONVERSION = YES;
				CLANG_WARN_OBJC_ROOT_CLASS = YES_ERROR;
				CLANG_WARN_QUOTED_INCLUDE_IN_FRAMEWORK_HEADER = YES;
				CLANG_WARN_RANGE_LOOP_ANALYSIS = YES;
				CLANG_WARN_STRICT_PROTOTYPES = YES;
				CLANG_WARN_SUSPICIOUS_MOVE = YES;
				CLANG_WARN_UNGUARDED_AVAILABILITY = YES_AGGRESSIVE;
				CLANG_WARN_UNREACHABLE_CODE = YES;
				CLANG_WARN__DUPLICATE_METHOD_MATCH = YES;
				COPY_PHASE_STRIP = NO;
				DEBUG_INFORMATION_FORMAT = dwarf;
				ENABLE_STRICT_OBJC_MSGSEND = YES;
				ENABLE_TESTABILITY = YES;
				GCC_C_LANGUAGE_STANDARD = gnu11;
				GCC_DYNAMIC_NO_PIC = NO;
				GCC_NO_COMMON_BLOCKS = YES;
				GCC_OPTIMIZATION_LEVEL = 0;
				GCC_PREPROCESSOR_DEFINITIONS = (
					"DEBUG=1",
					"$(inherited)",
				);
				GCC_WARN_64_TO_32_BIT_CONVERSION = YES;
				GCC_WARN_ABOUT_RETURN_TYPE = YES_ERROR;
				GCC_WARN_UNDECLARED_SELECTOR = YES;
				GCC_WARN_UNINITIALIZED_AUTOS = YES_AGGRESSIVE;
				GCC_WARN_UNUSED_FUNCTION = YES;
				GCC_WARN_UNUSED_VARIABLE = YES;
				IPHONEOS_DEPLOYMENT_TARGET = 16.2;
				MTL_ENABLE_DEBUG_INFO = INCLUDE_SOURCE;
				MTL_FAST_MATH = YES;
				ONLY_ACTIVE_ARCH = YES;
				SDKROOT = iphoneos;
				SWIFT_ACTIVE_COMPILATION_CONDITIONS = DEBUG;
				SWIFT_OPTIMIZATION_LEVEL = "-Onone";
			};
			name = Debug;
		};
		B9F6E86C29D2A5BF00A82665 /* Release */ = {
			isa = XCBuildConfiguration;
			buildSettings = {
				ALWAYS_SEARCH_USER_PATHS = NO;
				CLANG_ANALYZER_NONNULL = YES;
				CLANG_ANALYZER_NUMBER_OBJECT_CONVERSION = YES_AGGRESSIVE;
				CLANG_CXX_LANGUAGE_STANDARD = "gnu++20";
				CLANG_ENABLE_MODULES = YES;
				CLANG_ENABLE_OBJC_ARC = YES;
				CLANG_ENABLE_OBJC_WEAK = YES;
				CLANG_WARN_BLOCK_CAPTURE_AUTORELEASING = YES;
				CLANG_WARN_BOOL_CONVERSION = YES;
				CLANG_WARN_COMMA = YES;
				CLANG_WARN_CONSTANT_CONVERSION = YES;
				CLANG_WARN_DEPRECATED_OBJC_IMPLEMENTATIONS = YES;
				CLANG_WARN_DIRECT_OBJC_ISA_USAGE = YES_ERROR;
				CLANG_WARN_DOCUMENTATION_COMMENTS = YES;
				CLANG_WARN_EMPTY_BODY = YES;
				CLANG_WARN_ENUM_CONVERSION = YES;
				CLANG_WARN_INFINITE_RECURSION = YES;
				CLANG_WARN_INT_CONVERSION = YES;
				CLANG_WARN_NON_LITERAL_NULL_CONVERSION = YES;
				CLANG_WARN_OBJC_IMPLICIT_RETAIN_SELF = YES;
				CLANG_WARN_OBJC_LITERAL_CONVERSION = YES;
				CLANG_WARN_OBJC_ROOT_CLASS = YES_ERROR;
				CLANG_WARN_QUOTED_INCLUDE_IN_FRAMEWORK_HEADER = YES;
				CLANG_WARN_RANGE_LOOP_ANALYSIS = YES;
				CLANG_WARN_STRICT_PROTOTYPES = YES;
				CLANG_WARN_SUSPICIOUS_MOVE = YES;
				CLANG_WARN_UNGUARDED_AVAILABILITY = YES_AGGRESSIVE;
				CLANG_WARN_UNREACHABLE_CODE = YES;
				CLANG_WARN__DUPLICATE_METHOD_MATCH = YES;
				COPY_PHASE_STRIP = NO;
				DEBUG_INFORMATION_FORMAT = "dwarf-with-dsym";
				ENABLE_NS_ASSERTIONS = NO;
				ENABLE_STRICT_OBJC_MSGSEND = YES;
				GCC_C_LANGUAGE_STANDARD = gnu11;
				GCC_NO_COMMON_BLOCKS = YES;
				GCC_WARN_64_TO_32_BIT_CONVERSION = YES;
				GCC_WARN_ABOUT_RETURN_TYPE = YES_ERROR;
				GCC_WARN_UNDECLARED_SELECTOR = YES;
				GCC_WARN_UNINITIALIZED_AUTOS = YES_AGGRESSIVE;
				GCC_WARN_UNUSED_FUNCTION = YES;
				GCC_WARN_UNUSED_VARIABLE = YES;
				IPHONEOS_DEPLOYMENT_TARGET = 16.2;
				MTL_ENABLE_DEBUG_INFO = NO;
				MTL_FAST_MATH = YES;
				SDKROOT = iphoneos;
				SWIFT_COMPILATION_MODE = wholemodule;
				SWIFT_OPTIMIZATION_LEVEL = "-O";
				VALIDATE_PRODUCT = YES;
			};
			name = Release;
		};
		B9F6E86E29D2A5BF00A82665 /* Debug */ = {
			isa = XCBuildConfiguration;
			buildSettings = {
				ASSETCATALOG_COMPILER_APPICON_NAME = AppIcon;
				ASSETCATALOG_COMPILER_GLOBAL_ACCENT_COLOR_NAME = AccentColor;
				CODE_SIGN_STYLE = Automatic;
				CURRENT_PROJECT_VERSION = 1;
				DEVELOPMENT_ASSET_PATHS = "\"Dogs Facts/Preview Content\"";
				DEVELOPMENT_TEAM = 8HZU62B43M;
				ENABLE_PREVIEWS = YES;
				GENERATE_INFOPLIST_FILE = YES;
				INFOPLIST_KEY_UIApplicationSceneManifest_Generation = YES;
				INFOPLIST_KEY_UIApplicationSupportsIndirectInputEvents = YES;
				INFOPLIST_KEY_UILaunchScreen_Generation = YES;
				INFOPLIST_KEY_UISupportedInterfaceOrientations_iPad = "UIInterfaceOrientationPortrait UIInterfaceOrientationPortraitUpsideDown UIInterfaceOrientationLandscapeLeft UIInterfaceOrientationLandscapeRight";
				INFOPLIST_KEY_UISupportedInterfaceOrientations_iPhone = "UIInterfaceOrientationPortrait UIInterfaceOrientationLandscapeLeft UIInterfaceOrientationLandscapeRight";
				LD_RUNPATH_SEARCH_PATHS = (
					"$(inherited)",
					"@executable_path/Frameworks",
				);
				MARKETING_VERSION = 1.0;
				PRODUCT_BUNDLE_IDENTIFIER = "com.kenny.Dogs-Facts";
				PRODUCT_NAME = "$(TARGET_NAME)";
				SWIFT_EMIT_LOC_STRINGS = YES;
				SWIFT_VERSION = 5.0;
				TARGETED_DEVICE_FAMILY = "1,2";
			};
			name = Debug;
		};
		B9F6E86F29D2A5BF00A82665 /* Release */ = {
			isa = XCBuildConfiguration;
			buildSettings = {
				ASSETCATALOG_COMPILER_APPICON_NAME = AppIcon;
				ASSETCATALOG_COMPILER_GLOBAL_ACCENT_COLOR_NAME = AccentColor;
				CODE_SIGN_STYLE = Automatic;
				CURRENT_PROJECT_VERSION = 1;
				DEVELOPMENT_ASSET_PATHS = "\"Dogs Facts/Preview Content\"";
				DEVELOPMENT_TEAM = 8HZU62B43M;
				ENABLE_PREVIEWS = YES;
				GENERATE_INFOPLIST_FILE = YES;
				INFOPLIST_KEY_UIApplicationSceneManifest_Generation = YES;
				INFOPLIST_KEY_UIApplicationSupportsIndirectInputEvents = YES;
				INFOPLIST_KEY_UILaunchScreen_Generation = YES;
				INFOPLIST_KEY_UISupportedInterfaceOrientations_iPad = "UIInterfaceOrientationPortrait UIInterfaceOrientationPortraitUpsideDown UIInterfaceOrientationLandscapeLeft UIInterfaceOrientationLandscapeRight";
				INFOPLIST_KEY_UISupportedInterfaceOrientations_iPhone = "UIInterfaceOrientationPortrait UIInterfaceOrientationLandscapeLeft UIInterfaceOrientationLandscapeRight";
				LD_RUNPATH_SEARCH_PATHS = (
					"$(inherited)",
					"@executable_path/Frameworks",
				);
				MARKETING_VERSION = 1.0;
				PRODUCT_BUNDLE_IDENTIFIER = "com.kenny.Dogs-Facts";
				PRODUCT_NAME = "$(TARGET_NAME)";
				SWIFT_EMIT_LOC_STRINGS = YES;
				SWIFT_VERSION = 5.0;
				TARGETED_DEVICE_FAMILY = "1,2";
			};
			name = Release;
		};
		B9F6E87129D2A5BF00A82665 /* Debug */ = {
			isa = XCBuildConfiguration;
			buildSettings = {
				ALWAYS_EMBED_SWIFT_STANDARD_LIBRARIES = YES;
				BUNDLE_LOADER = "$(TEST_HOST)";
				CODE_SIGN_STYLE = Automatic;
				CURRENT_PROJECT_VERSION = 1;
				DEVELOPMENT_TEAM = 8HZU62B43M;
				GENERATE_INFOPLIST_FILE = YES;
				IPHONEOS_DEPLOYMENT_TARGET = 16.2;
				MARKETING_VERSION = 1.0;
				PRODUCT_BUNDLE_IDENTIFIER = "com.kenny.Dogs-FactsTests";
				PRODUCT_NAME = "$(TARGET_NAME)";
				SWIFT_EMIT_LOC_STRINGS = NO;
				SWIFT_VERSION = 5.0;
				TARGETED_DEVICE_FAMILY = "1,2";
				TEST_HOST = "$(BUILT_PRODUCTS_DIR)/Dogs Facts.app/$(BUNDLE_EXECUTABLE_FOLDER_PATH)/Dogs Facts";
			};
			name = Debug;
		};
		B9F6E87229D2A5BF00A82665 /* Release */ = {
			isa = XCBuildConfiguration;
			buildSettings = {
				ALWAYS_EMBED_SWIFT_STANDARD_LIBRARIES = YES;
				BUNDLE_LOADER = "$(TEST_HOST)";
				CODE_SIGN_STYLE = Automatic;
				CURRENT_PROJECT_VERSION = 1;
				DEVELOPMENT_TEAM = 8HZU62B43M;
				GENERATE_INFOPLIST_FILE = YES;
				IPHONEOS_DEPLOYMENT_TARGET = 16.2;
				MARKETING_VERSION = 1.0;
				PRODUCT_BUNDLE_IDENTIFIER = "com.kenny.Dogs-FactsTests";
				PRODUCT_NAME = "$(TARGET_NAME)";
				SWIFT_EMIT_LOC_STRINGS = NO;
				SWIFT_VERSION = 5.0;
				TARGETED_DEVICE_FAMILY = "1,2";
				TEST_HOST = "$(BUILT_PRODUCTS_DIR)/Dogs Facts.app/$(BUNDLE_EXECUTABLE_FOLDER_PATH)/Dogs Facts";
			};
			name = Release;
		};
		B9F6E87429D2A5BF00A82665 /* Debug */ = {
			isa = XCBuildConfiguration;
			buildSettings = {
				ALWAYS_EMBED_SWIFT_STANDARD_LIBRARIES = YES;
				CODE_SIGN_STYLE = Automatic;
				CURRENT_PROJECT_VERSION = 1;
				DEVELOPMENT_TEAM = 8HZU62B43M;
				GENERATE_INFOPLIST_FILE = YES;
				MARKETING_VERSION = 1.0;
				PRODUCT_BUNDLE_IDENTIFIER = "com.kenny.Dogs-FactsUITests";
				PRODUCT_NAME = "$(TARGET_NAME)";
				SWIFT_EMIT_LOC_STRINGS = NO;
				SWIFT_VERSION = 5.0;
				TARGETED_DEVICE_FAMILY = "1,2";
				TEST_TARGET_NAME = "Dogs Facts";
			};
			name = Debug;
		};
		B9F6E87529D2A5BF00A82665 /* Release */ = {
			isa = XCBuildConfiguration;
			buildSettings = {
				ALWAYS_EMBED_SWIFT_STANDARD_LIBRARIES = YES;
				CODE_SIGN_STYLE = Automatic;
				CURRENT_PROJECT_VERSION = 1;
				DEVELOPMENT_TEAM = 8HZU62B43M;
				GENERATE_INFOPLIST_FILE = YES;
				MARKETING_VERSION = 1.0;
				PRODUCT_BUNDLE_IDENTIFIER = "com.kenny.Dogs-FactsUITests";
				PRODUCT_NAME = "$(TARGET_NAME)";
				SWIFT_EMIT_LOC_STRINGS = NO;
				SWIFT_VERSION = 5.0;
				TARGETED_DEVICE_FAMILY = "1,2";
				TEST_TARGET_NAME = "Dogs Facts";
			};
			name = Release;
		};
/* End XCBuildConfiguration section */

/* Begin XCConfigurationList section */
		B9F6E84429D2A5BE00A82665 /* Build configuration list for PBXProject "Dogs Facts" */ = {
			isa = XCConfigurationList;
			buildConfigurations = (
				B9F6E86B29D2A5BF00A82665 /* Debug */,
				B9F6E86C29D2A5BF00A82665 /* Release */,
			);
			defaultConfigurationIsVisible = 0;
			defaultConfigurationName = Release;
		};
		B9F6E86D29D2A5BF00A82665 /* Build configuration list for PBXNativeTarget "Dogs Facts" */ = {
			isa = XCConfigurationList;
			buildConfigurations = (
				B9F6E86E29D2A5BF00A82665 /* Debug */,
				B9F6E86F29D2A5BF00A82665 /* Release */,
			);
			defaultConfigurationIsVisible = 0;
			defaultConfigurationName = Release;
		};
		B9F6E87029D2A5BF00A82665 /* Build configuration list for PBXNativeTarget "Dogs FactsTests" */ = {
			isa = XCConfigurationList;
			buildConfigurations = (
				B9F6E87129D2A5BF00A82665 /* Debug */,
				B9F6E87229D2A5BF00A82665 /* Release */,
			);
			defaultConfigurationIsVisible = 0;
			defaultConfigurationName = Release;
		};
		B9F6E87329D2A5BF00A82665 /* Build configuration list for PBXNativeTarget "Dogs FactsUITests" */ = {
			isa = XCConfigurationList;
			buildConfigurations = (
				B9F6E87429D2A5BF00A82665 /* Debug */,
				B9F6E87529D2A5BF00A82665 /* Release */,
			);
			defaultConfigurationIsVisible = 0;
			defaultConfigurationName = Release;
		};
/* End XCConfigurationList section */
	};
	rootObject = B9F6E84129D2A5BE00A82665 /* Project object */;
}
